// !$*UTF8*$!
{
	archiveVersion = 1;
	classes = {
	};
	objectVersion = 50;
	objects = {

/* Begin PBXBuildFile section */
		AA1B8CA02431246900240D90 /* HeartRateVC.swift in Sources */ = {isa = PBXBuildFile; fileRef = AA1B8C9F2431246900240D90 /* HeartRateVC.swift */; };
		AA1B8CA22431297D00240D90 /* ThermometerVC.swift in Sources */ = {isa = PBXBuildFile; fileRef = AA1B8CA12431297D00240D90 /* ThermometerVC.swift */; };
		AA1B8CA42435940A00240D90 /* README.md in Resources */ = {isa = PBXBuildFile; fileRef = AA1B8CA32435940A00240D90 /* README.md */; };
		AA76383A241EF10700FDFAC2 /* AppDelegate.swift in Sources */ = {isa = PBXBuildFile; fileRef = AA763839241EF10700FDFAC2 /* AppDelegate.swift */; };
		AA76383C241EF10700FDFAC2 /* SceneDelegate.swift in Sources */ = {isa = PBXBuildFile; fileRef = AA76383B241EF10700FDFAC2 /* SceneDelegate.swift */; };
		AA76383E241EF10700FDFAC2 /* ViewController.swift in Sources */ = {isa = PBXBuildFile; fileRef = AA76383D241EF10700FDFAC2 /* ViewController.swift */; };
		AA763841241EF10700FDFAC2 /* Main.storyboard in Resources */ = {isa = PBXBuildFile; fileRef = AA76383F241EF10700FDFAC2 /* Main.storyboard */; };
		AA763843241EF10900FDFAC2 /* Assets.xcassets in Resources */ = {isa = PBXBuildFile; fileRef = AA763842241EF10900FDFAC2 /* Assets.xcassets */; };
		AA763846241EF10900FDFAC2 /* LaunchScreen.storyboard in Resources */ = {isa = PBXBuildFile; fileRef = AA763844241EF10900FDFAC2 /* LaunchScreen.storyboard */; };
		AA76384E241F204E00FDFAC2 /* BatteryServiceVC.swift in Sources */ = {isa = PBXBuildFile; fileRef = AA76384D241F204E00FDFAC2 /* BatteryServiceVC.swift */; };
		AAA7943D2442570A003848DA /* ContactTracingVC.swift in Sources */ = {isa = PBXBuildFile; fileRef = AAA7943C2442570A003848DA /* ContactTracingVC.swift */; };
/* End PBXBuildFile section */

/* Begin PBXFileReference section */
		AA1B8C9F2431246900240D90 /* HeartRateVC.swift */ = {isa = PBXFileReference; fileEncoding = 4; lastKnownFileType = sourcecode.swift; path = HeartRateVC.swift; sourceTree = "<group>"; };
		AA1B8CA12431297D00240D90 /* ThermometerVC.swift */ = {isa = PBXFileReference; fileEncoding = 4; lastKnownFileType = sourcecode.swift; path = ThermometerVC.swift; sourceTree = "<group>"; };
		AA1B8CA32435940A00240D90 /* README.md */ = {isa = PBXFileReference; fileEncoding = 4; lastKnownFileType = net.daringfireball.markdown; path = README.md; sourceTree = "<group>"; };
		AA763836241EF10700FDFAC2 /* BLE Peripheral Emulator.app */ = {isa = PBXFileReference; explicitFileType = wrapper.application; includeInIndex = 0; path = "BLE Peripheral Emulator.app"; sourceTree = BUILT_PRODUCTS_DIR; };
		AA763839241EF10700FDFAC2 /* AppDelegate.swift */ = {isa = PBXFileReference; lastKnownFileType = sourcecode.swift; path = AppDelegate.swift; sourceTree = "<group>"; };
		AA76383B241EF10700FDFAC2 /* SceneDelegate.swift */ = {isa = PBXFileReference; lastKnownFileType = sourcecode.swift; path = SceneDelegate.swift; sourceTree = "<group>"; };
		AA76383D241EF10700FDFAC2 /* ViewController.swift */ = {isa = PBXFileReference; lastKnownFileType = sourcecode.swift; path = ViewController.swift; sourceTree = "<group>"; };
		AA763840241EF10700FDFAC2 /* Base */ = {isa = PBXFileReference; lastKnownFileType = file.storyboard; name = Base; path = Base.lproj/Main.storyboard; sourceTree = "<group>"; };
		AA763842241EF10900FDFAC2 /* Assets.xcassets */ = {isa = PBXFileReference; lastKnownFileType = folder.assetcatalog; path = Assets.xcassets; sourceTree = "<group>"; };
		AA763845241EF10900FDFAC2 /* Base */ = {isa = PBXFileReference; lastKnownFileType = file.storyboard; name = Base; path = Base.lproj/LaunchScreen.storyboard; sourceTree = "<group>"; };
		AA763847241EF10900FDFAC2 /* Info.plist */ = {isa = PBXFileReference; lastKnownFileType = text.plist.xml; path = Info.plist; sourceTree = "<group>"; };
		AA76384D241F204E00FDFAC2 /* BatteryServiceVC.swift */ = {isa = PBXFileReference; lastKnownFileType = sourcecode.swift; path = BatteryServiceVC.swift; sourceTree = "<group>"; };
		AAA7943C2442570A003848DA /* ContactTracingVC.swift */ = {isa = PBXFileReference; fileEncoding = 4; lastKnownFileType = sourcecode.swift; path = ContactTracingVC.swift; sourceTree = "<group>"; };
/* End PBXFileReference section */

/* Begin PBXFrameworksBuildPhase section */
		AA763833241EF10700FDFAC2 /* Frameworks */ = {
			isa = PBXFrameworksBuildPhase;
			buildActionMask = 2147483647;
			files = (
			);
			runOnlyForDeploymentPostprocessing = 0;
		};
/* End PBXFrameworksBuildPhase section */

/* Begin PBXGroup section */
		AA76382D241EF10700FDFAC2 = {
			isa = PBXGroup;
			children = (
				AA763838241EF10700FDFAC2 /* BLE Peripheral Emulator */,
				AA763837241EF10700FDFAC2 /* Products */,
				AA1B8CA32435940A00240D90 /* README.md */,
			);
			sourceTree = "<group>";
		};
		AA763837241EF10700FDFAC2 /* Products */ = {
			isa = PBXGroup;
			children = (
				AA763836241EF10700FDFAC2 /* BLE Peripheral Emulator.app */,
			);
			name = Products;
			sourceTree = "<group>";
		};
		AA763838241EF10700FDFAC2 /* BLE Peripheral Emulator */ = {
			isa = PBXGroup;
			children = (
				AA763839241EF10700FDFAC2 /* AppDelegate.swift */,
				AA76383B241EF10700FDFAC2 /* SceneDelegate.swift */,
				AA76383D241EF10700FDFAC2 /* ViewController.swift */,
				AA76383F241EF10700FDFAC2 /* Main.storyboard */,
				AA76384D241F204E00FDFAC2 /* BatteryServiceVC.swift */,
				AAA7943C2442570A003848DA /* ContactTracingVC.swift */,
				AA1B8C9F2431246900240D90 /* HeartRateVC.swift */,
				AA1B8CA12431297D00240D90 /* ThermometerVC.swift */,
				AA763842241EF10900FDFAC2 /* Assets.xcassets */,
				AA763844241EF10900FDFAC2 /* LaunchScreen.storyboard */,
				AA763847241EF10900FDFAC2 /* Info.plist */,
			);
			path = "BLE Peripheral Emulator";
			sourceTree = "<group>";
		};
/* End PBXGroup section */

/* Begin PBXNativeTarget section */
		AA763835241EF10700FDFAC2 /* BLE Peripheral Emulator */ = {
			isa = PBXNativeTarget;
			buildConfigurationList = AA76384A241EF10900FDFAC2 /* Build configuration list for PBXNativeTarget "BLE Peripheral Emulator" */;
			buildPhases = (
				AA763832241EF10700FDFAC2 /* Sources */,
				AA763833241EF10700FDFAC2 /* Frameworks */,
				AA763834241EF10700FDFAC2 /* Resources */,
			);
			buildRules = (
			);
			dependencies = (
			);
			name = "BLE Peripheral Emulator";
			productName = "BLE Peripheral Emulator";
			productReference = AA763836241EF10700FDFAC2 /* BLE Peripheral Emulator.app */;
			productType = "com.apple.product-type.application";
		};
/* End PBXNativeTarget section */

/* Begin PBXProject section */
		AA76382E241EF10700FDFAC2 /* Project object */ = {
			isa = PBXProject;
			attributes = {
				LastSwiftUpdateCheck = 1130;
				LastUpgradeCheck = 1130;
				ORGANIZATIONNAME = "White Lab Consulting";
				TargetAttributes = {
					AA763835241EF10700FDFAC2 = {
						CreatedOnToolsVersion = 11.3.1;
					};
				};
			};
			buildConfigurationList = AA763831241EF10700FDFAC2 /* Build configuration list for PBXProject "BLE Peripheral Emulator" */;
			compatibilityVersion = "Xcode 9.3";
			developmentRegion = en;
			hasScannedForEncodings = 0;
			knownRegions = (
				en,
				Base,
			);
			mainGroup = AA76382D241EF10700FDFAC2;
			productRefGroup = AA763837241EF10700FDFAC2 /* Products */;
			projectDirPath = "";
			projectRoot = "";
			targets = (
				AA763835241EF10700FDFAC2 /* BLE Peripheral Emulator */,
			);
		};
/* End PBXProject section */

/* Begin PBXResourcesBuildPhase section */
		AA763834241EF10700FDFAC2 /* Resources */ = {
			isa = PBXResourcesBuildPhase;
			buildActionMask = 2147483647;
			files = (
				AA763846241EF10900FDFAC2 /* LaunchScreen.storyboard in Resources */,
				AA763843241EF10900FDFAC2 /* Assets.xcassets in Resources */,
				AA1B8CA42435940A00240D90 /* README.md in Resources */,
				AA763841241EF10700FDFAC2 /* Main.storyboard in Resources */,
			);
			runOnlyForDeploymentPostprocessing = 0;
		};
/* End PBXResourcesBuildPhase section */

/* Begin PBXSourcesBuildPhase section */
		AA763832241EF10700FDFAC2 /* Sources */ = {
			isa = PBXSourcesBuildPhase;
			buildActionMask = 2147483647;
			files = (
				AA76383E241EF10700FDFAC2 /* ViewController.swift in Sources */,
				AAA7943D2442570A003848DA /* ContactTracingVC.swift in Sources */,
				AA1B8CA02431246900240D90 /* HeartRateVC.swift in Sources */,
				AA76383A241EF10700FDFAC2 /* AppDelegate.swift in Sources */,
				AA76384E241F204E00FDFAC2 /* BatteryServiceVC.swift in Sources */,
				AA76383C241EF10700FDFAC2 /* SceneDelegate.swift in Sources */,
				AA1B8CA22431297D00240D90 /* ThermometerVC.swift in Sources */,
			);
			runOnlyForDeploymentPostprocessing = 0;
		};
/* End PBXSourcesBuildPhase section */

/* Begin PBXVariantGroup section */
		AA76383F241EF10700FDFAC2 /* Main.storyboard */ = {
			isa = PBXVariantGroup;
			children = (
				AA763840241EF10700FDFAC2 /* Base */,
			);
			name = Main.storyboard;
			sourceTree = "<group>";
		};
		AA763844241EF10900FDFAC2 /* LaunchScreen.storyboard */ = {
			isa = PBXVariantGroup;
			children = (
				AA763845241EF10900FDFAC2 /* Base */,
			);
			name = LaunchScreen.storyboard;
			sourceTree = "<group>";
		};
/* End PBXVariantGroup section */

/* Begin XCBuildConfiguration section */
		AA763848241EF10900FDFAC2 /* Debug */ = {
			isa = XCBuildConfiguration;
			buildSettings = {
				ALWAYS_SEARCH_USER_PATHS = NO;
				CLANG_ANALYZER_NONNULL = YES;
				CLANG_ANALYZER_NUMBER_OBJECT_CONVERSION = YES_AGGRESSIVE;
				CLANG_CXX_LANGUAGE_STANDARD = "gnu++14";
				CLANG_CXX_LIBRARY = "libc++";
				CLANG_ENABLE_MODULES = YES;
				CLANG_ENABLE_OBJC_ARC = YES;
				CLANG_ENABLE_OBJC_WEAK = YES;
				CLANG_WARN_BLOCK_CAPTURE_AUTORELEASING = YES;
				CLANG_WARN_BOOL_CONVERSION = YES;
				CLANG_WARN_COMMA = YES;
				CLANG_WARN_CONSTANT_CONVERSION = YES;
				CLANG_WARN_DEPRECATED_OBJC_IMPLEMENTATIONS = YES;
				CLANG_WARN_DIRECT_OBJC_ISA_USAGE = YES_ERROR;
				CLANG_WARN_DOCUMENTATION_COMMENTS = YES;
				CLANG_WARN_EMPTY_BODY = YES;
				CLANG_WARN_ENUM_CONVERSION = YES;
				CLANG_WARN_INFINITE_RECURSION = YES;
				CLANG_WARN_INT_CONVERSION = YES;
				CLANG_WARN_NON_LITERAL_NULL_CONVERSION = YES;
				CLANG_WARN_OBJC_IMPLICIT_RETAIN_SELF = YES;
				CLANG_WARN_OBJC_LITERAL_CONVERSION = YES;
				CLANG_WARN_OBJC_ROOT_CLASS = YES_ERROR;
				CLANG_WARN_RANGE_LOOP_ANALYSIS = YES;
				CLANG_WARN_STRICT_PROTOTYPES = YES;
				CLANG_WARN_SUSPICIOUS_MOVE = YES;
				CLANG_WARN_UNGUARDED_AVAILABILITY = YES_AGGRESSIVE;
				CLANG_WARN_UNREACHABLE_CODE = YES;
				CLANG_WARN__DUPLICATE_METHOD_MATCH = YES;
				COPY_PHASE_STRIP = NO;
				DEBUG_INFORMATION_FORMAT = dwarf;
				ENABLE_STRICT_OBJC_MSGSEND = YES;
				ENABLE_TESTABILITY = YES;
				GCC_C_LANGUAGE_STANDARD = gnu11;
				GCC_DYNAMIC_NO_PIC = NO;
				GCC_NO_COMMON_BLOCKS = YES;
				GCC_OPTIMIZATION_LEVEL = 0;
				GCC_PREPROCESSOR_DEFINITIONS = (
					"DEBUG=1",
					"$(inherited)",
				);
				GCC_WARN_64_TO_32_BIT_CONVERSION = YES;
				GCC_WARN_ABOUT_RETURN_TYPE = YES_ERROR;
				GCC_WARN_UNDECLARED_SELECTOR = YES;
				GCC_WARN_UNINITIALIZED_AUTOS = YES_AGGRESSIVE;
				GCC_WARN_UNUSED_FUNCTION = YES;
				GCC_WARN_UNUSED_VARIABLE = YES;
				IPHONEOS_DEPLOYMENT_TARGET = 13.2;
				MTL_ENABLE_DEBUG_INFO = INCLUDE_SOURCE;
				MTL_FAST_MATH = YES;
				ONLY_ACTIVE_ARCH = YES;
				SDKROOT = iphoneos;
				SWIFT_ACTIVE_COMPILATION_CONDITIONS = DEBUG;
				SWIFT_OPTIMIZATION_LEVEL = "-Onone";
			};
			name = Debug;
		};
		AA763849241EF10900FDFAC2 /* Release */ = {
			isa = XCBuildConfiguration;
			buildSettings = {
				ALWAYS_SEARCH_USER_PATHS = NO;
				CLANG_ANALYZER_NONNULL = YES;
				CLANG_ANALYZER_NUMBER_OBJECT_CONVERSION = YES_AGGRESSIVE;
				CLANG_CXX_LANGUAGE_STANDARD = "gnu++14";
				CLANG_CXX_LIBRARY = "libc++";
				CLANG_ENABLE_MODULES = YES;
				CLANG_ENABLE_OBJC_ARC = YES;
				CLANG_ENABLE_OBJC_WEAK = YES;
				CLANG_WARN_BLOCK_CAPTURE_AUTORELEASING = YES;
				CLANG_WARN_BOOL_CONVERSION = YES;
				CLANG_WARN_COMMA = YES;
				CLANG_WARN_CONSTANT_CONVERSION = YES;
				CLANG_WARN_DEPRECATED_OBJC_IMPLEMENTATIONS = YES;
				CLANG_WARN_DIRECT_OBJC_ISA_USAGE = YES_ERROR;
				CLANG_WARN_DOCUMENTATION_COMMENTS = YES;
				CLANG_WARN_EMPTY_BODY = YES;
				CLANG_WARN_ENUM_CONVERSION = YES;
				CLANG_WARN_INFINITE_RECURSION = YES;
				CLANG_WARN_INT_CONVERSION = YES;
				CLANG_WARN_NON_LITERAL_NULL_CONVERSION = YES;
				CLANG_WARN_OBJC_IMPLICIT_RETAIN_SELF = YES;
				CLANG_WARN_OBJC_LITERAL_CONVERSION = YES;
				CLANG_WARN_OBJC_ROOT_CLASS = YES_ERROR;
				CLANG_WARN_RANGE_LOOP_ANALYSIS = YES;
				CLANG_WARN_STRICT_PROTOTYPES = YES;
				CLANG_WARN_SUSPICIOUS_MOVE = YES;
				CLANG_WARN_UNGUARDED_AVAILABILITY = YES_AGGRESSIVE;
				CLANG_WARN_UNREACHABLE_CODE = YES;
				CLANG_WARN__DUPLICATE_METHOD_MATCH = YES;
				COPY_PHASE_STRIP = NO;
				DEBUG_INFORMATION_FORMAT = "dwarf-with-dsym";
				ENABLE_NS_ASSERTIONS = NO;
				ENABLE_STRICT_OBJC_MSGSEND = YES;
				GCC_C_LANGUAGE_STANDARD = gnu11;
				GCC_NO_COMMON_BLOCKS = YES;
				GCC_WARN_64_TO_32_BIT_CONVERSION = YES;
				GCC_WARN_ABOUT_RETURN_TYPE = YES_ERROR;
				GCC_WARN_UNDECLARED_SELECTOR = YES;
				GCC_WARN_UNINITIALIZED_AUTOS = YES_AGGRESSIVE;
				GCC_WARN_UNUSED_FUNCTION = YES;
				GCC_WARN_UNUSED_VARIABLE = YES;
				IPHONEOS_DEPLOYMENT_TARGET = 13.2;
				MTL_ENABLE_DEBUG_INFO = NO;
				MTL_FAST_MATH = YES;
				SDKROOT = iphoneos;
				SWIFT_COMPILATION_MODE = wholemodule;
				SWIFT_OPTIMIZATION_LEVEL = "-O";
				VALIDATE_PRODUCT = YES;
			};
			name = Release;
		};
		AA76384B241EF10900FDFAC2 /* Debug */ = {
			isa = XCBuildConfiguration;
			buildSettings = {
				ASSETCATALOG_COMPILER_APPICON_NAME = AppIcon;
				CODE_SIGN_STYLE = Automatic;
				DEVELOPMENT_TEAM = 8KH2S45TJ4;
				INFOPLIST_FILE = "BLE Peripheral Emulator/Info.plist";
				LD_RUNPATH_SEARCH_PATHS = (
					"$(inherited)",
					"@executable_path/Frameworks",
				);
				PRODUCT_BUNDLE_IDENTIFIER = "org.graesser.ble-peripheral-emulator";
				PRODUCT_NAME = "$(TARGET_NAME)";
				SWIFT_VERSION = 5.0;
				TARGETED_DEVICE_FAMILY = "1,2";
			};
			name = Debug;
		};
		AA76384C241EF10900FDFAC2 /* Release */ = {
			isa = XCBuildConfiguration;
			buildSettings = {
				ASSETCATALOG_COMPILER_APPICON_NAME = AppIcon;
				CODE_SIGN_STYLE = Automatic;
				DEVELOPMENT_TEAM = 8KH2S45TJ4;
				INFOPLIST_FILE = "BLE Peripheral Emulator/Info.plist";
				LD_RUNPATH_SEARCH_PATHS = (
					"$(inherited)",
					"@executable_path/Frameworks",
				);
				PRODUCT_BUNDLE_IDENTIFIER = "org.graesser.ble-peripheral-emulator";
				PRODUCT_NAME = "$(TARGET_NAME)";
				SWIFT_VERSION = 5.0;
				TARGETED_DEVICE_FAMILY = "1,2";
			};
			name = Release;
		};
/* End XCBuildConfiguration section */

/* Begin XCConfigurationList section */
		AA763831241EF10700FDFAC2 /* Build configuration list for PBXProject "BLE Peripheral Emulator" */ = {
			isa = XCConfigurationList;
			buildConfigurations = (
				AA763848241EF10900FDFAC2 /* Debug */,
				AA763849241EF10900FDFAC2 /* Release */,
			);
			defaultConfigurationIsVisible = 0;
			defaultConfigurationName = Release;
		};
		AA76384A241EF10900FDFAC2 /* Build configuration list for PBXNativeTarget "BLE Peripheral Emulator" */ = {
			isa = XCConfigurationList;
			buildConfigurations = (
				AA76384B241EF10900FDFAC2 /* Debug */,
				AA76384C241EF10900FDFAC2 /* Release */,
			);
			defaultConfigurationIsVisible = 0;
			defaultConfigurationName = Release;
		};
/* End XCConfigurationList section */
	};
	rootObject = AA76382E241EF10700FDFAC2 /* Project object */;
}
